github.com/ajstarks/svgo v0.0.0-20200320125537-f189e35d30ca/go.mod h1:K08gAheRH3/J6wwsYMMT4xOr94bZjxIelGM0+d/wbFw=
github.com/bbars/chess v1.8.1-0.20220705163303-2a7117a0854b h1:rIcsTyBJTEbOj+GLZAmyCORxiVhehGcPDUpAK7Zg0gY=
github.com/bbars/chess v1.8.1-0.20220705163303-2a7117a0854b/go.mod h1:cRuJUIBFq9Xki05TWHJxHYkC+fFpq45IWwk94DdlCrA=
